
Microsoft Visual Studio Solution File, Format Version 12.00
# Visual Studio Version 16
VisualStudioVersion = 16.0.29613.14
MinimumVisualStudioVersion = 10.0.40219.1
Project("{FAE04EC0-301F-11D3-BF4B-00C04F79EFBC}") = "biblioteca_core_att", "biblioteca_core_att\biblioteca_core_att.csproj", "{E51CCE42-3D28-4585-ADCB-A50B6EA62DF3}"
EndProject
Global
	GlobalSection(SolutionConfigurationPlatforms) = preSolution
		Debug|Any CPU = Debug|Any CPU
		Release|Any CPU = Release|Any CPU
	EndGlobalSection
	GlobalSection(ProjectConfigurationPlatforms) = postSolution
		{E51CCE42-3D28-4585-ADCB-A50B6EA62DF3}.Debug|Any CPU.ActiveCfg = Debug|Any CPU
		{E51CCE42-3D28-4585-ADCB-A50B6EA62DF3}.Debug|Any CPU.Build.0 = Debug|Any CPU
		{E51CCE42-3D28-4585-ADCB-A50B6EA62DF3}.Release|Any CPU.ActiveCfg = Release|Any CPU
		{E51CCE42-3D28-4585-ADCB-A50B6EA62DF3}.Release|Any CPU.Build.0 = Release|Any CPU
	EndGlobalSection
	GlobalSection(SolutionProperties) = preSolution
		HideSolutionNode = FALSE
	EndGlobalSection
	GlobalSection(ExtensibilityGlobals) = postSolution
		SolutionGuid = {F0A7833A-2257-4529-A429-49E912543090}
	EndGlobalSection
EndGlobal
